{
    "version": 3,
    "terraform_version": "0.7.4",
    "serial": 0,
    "lineage": "be3005c5-d887-4939-ace8-a652748aebcb",
    "modules": [
        {
            "path": [
                "root"
            ],
            "outputs": {},
            "resources": {
                "google_compute_instance.docker-test-us-east1-b": {
                    "type": "google_compute_instance",
                    "depends_on": [],
                    "primary": {
                        "id": "docker-test-us-east1-b",
                        "attributes": {
                            "can_ip_forward": "false",
                            "description": "docker-test-us-east1-b",
                            "disk.#": "1",
                            "disk.0.auto_delete": "true",
                            "disk.0.device_name": "",
                            "disk.0.disk": "",
                            "disk.0.image": "https://www.googleapis.com/compute/v1/projects/quick-replica-95101/global/images/a-ubuntu-trusty-docker",
                            "disk.0.scratch": "false",
                            "disk.0.size": "0",
                            "disk.0.type": "",
                            "id": "docker-test-us-east1-b",
                            "machine_type": "n1-standard-1",
                            "metadata.%": "1",
                            "metadata.ssh-keys": "root:ssh-rsa AAAAB3NzaC1yc2EAAAABJQAAAQEAhQTQxrw8Sk4yu3v1kYHlLOx27UoV0AA5KAcEveoNjn3ofgFsq+ZRpER9H7hzA3Y4hgtUbLYAcIBYkjqUXJ8OebnC3+jo1C4ZqKqMK86EuVffcfo0B4qCq66cQW5RkUo852Ho9593BW54E4JoDaK8ROToLm46qCSj/fiPrj3dfrBeusHZJwt3dMqyBLvpo/8Io2HNMQqnz8TsqLkcluZkilWxOp2Mny7n9g+bzXkheTCe7d81GfNCUJ3FZ/PDxQ+ftF6m8MsPZDVGxdnreS5od0ToMmAWFT1mD33ukd8PWi097Qe9yxTlPPVUJwogKIy3QrZ8HVEXr3V6sSD9cnBbKQ== root\n",
                            "metadata_fingerprint": "Os4APbQnZu4=",
                            "metadata_startup_script": "service docker start;docker run hello-world;\r\nsudo useradd -m -d /home/test -p `openssl passwd -crypt test1234` test;\r\ndocker run -d -p 8888:8080 tomcat:8.0",
                            "name": "docker-test-us-east1-b",
                            "network.#": "0",
                            "network_interface.#": "1",
                            "network_interface.0.access_config.#": "1",
                            "network_interface.0.access_config.0.assigned_nat_ip": "104.196.190.44",
                            "network_interface.0.access_config.0.nat_ip": "",
                            "network_interface.0.address": "10.0.0.2",
                            "network_interface.0.name": "nic0",
                            "network_interface.0.network": "",
                            "network_interface.0.subnetwork": "test-us-east1",
                            "self_link": "https://www.googleapis.com/compute/v1/projects/quick-replica-95101/zones/us-east1-b/instances/docker-test-us-east1-b",
                            "service_account.#": "1",
                            "service_account.0.email": "809803597451-compute@developer.gserviceaccount.com",
                            "service_account.0.scopes.#": "3",
                            "service_account.0.scopes.1632638332": "https://www.googleapis.com/auth/devstorage.read_only",
                            "service_account.0.scopes.299962681": "https://www.googleapis.com/auth/compute",
                            "service_account.0.scopes.3435931483": "https://www.googleapis.com/auth/datastore",
                            "tags.#": "2",
                            "tags.1936433573": "https-server",
                            "tags.988335155": "http-server",
                            "tags_fingerprint": "6smc4R4d39I=",
                            "zone": "us-east1-b"
                        },
                        "meta": {
                            "schema_version": "2"
                        },
                        "tainted": false
                    },
                    "deposed": [],
                    "provider": ""
                }
            },
            "depends_on": []
        }
    ]
}
